
Microsoft Visual Studio Solution File, Format Version 12.00
# Visual Studio 15
VisualStudioVersion = 15.0.27703.2000
MinimumVisualStudioVersion = 10.0.40219.1
Project("{FAE04EC0-301F-11D3-BF4B-00C04F79EFBC}") = "ZombieGame", "ZombieGame\ZombieGame\ZombieGame.csproj", "{68054CEE-6E40-40C8-AD1E-147898134116}"
EndProject
Project("{FAE04EC0-301F-11D3-BF4B-00C04F79EFBC}") = "ZombieGame.Tests", "ZombieGame\ZombieGame.Tests\ZombieGame.Tests.csproj", "{0451FE81-9208-442B-BF6F-9B406EC9905B}"
EndProject
Global
	GlobalSection(SolutionConfigurationPlatforms) = preSolution
		Debug|Any CPU = Debug|Any CPU
		Release|Any CPU = Release|Any CPU
	EndGlobalSection
	GlobalSection(ProjectConfigurationPlatforms) = postSolution
		{68054CEE-6E40-40C8-AD1E-147898134116}.Debug|Any CPU.ActiveCfg = Debug|Any CPU
		{68054CEE-6E40-40C8-AD1E-147898134116}.Debug|Any CPU.Build.0 = Debug|Any CPU
		{68054CEE-6E40-40C8-AD1E-147898134116}.Release|Any CPU.ActiveCfg = Release|Any CPU
		{68054CEE-6E40-40C8-AD1E-147898134116}.Release|Any CPU.Build.0 = Release|Any CPU
		{0451FE81-9208-442B-BF6F-9B406EC9905B}.Debug|Any CPU.ActiveCfg = Debug|Any CPU
		{0451FE81-9208-442B-BF6F-9B406EC9905B}.Debug|Any CPU.Build.0 = Debug|Any CPU
		{0451FE81-9208-442B-BF6F-9B406EC9905B}.Release|Any CPU.ActiveCfg = Release|Any CPU
		{0451FE81-9208-442B-BF6F-9B406EC9905B}.Release|Any CPU.Build.0 = Release|Any CPU
	EndGlobalSection
	GlobalSection(SolutionProperties) = preSolution
		HideSolutionNode = FALSE
	EndGlobalSection
	GlobalSection(ExtensibilityGlobals) = postSolution
		SolutionGuid = {8CEA104A-E2C2-4940-B055-EEFECA04F947}
	EndGlobalSection
EndGlobal
